// !$*UTF8*$!
{
	archiveVersion = 1;
	classes = {
	};
	objectVersion = 50;
	objects = {

/* Begin PBXBuildFile section */
		C0D0345E267ED2C9007B0D3B /* AppDelegate.swift in Sources */ = {isa = PBXBuildFile; fileRef = C0D0345D267ED2C9007B0D3B /* AppDelegate.swift */; };
		C0D03460267ED2C9007B0D3B /* SceneDelegate.swift in Sources */ = {isa = PBXBuildFile; fileRef = C0D0345F267ED2C9007B0D3B /* SceneDelegate.swift */; };
		C0D03462267ED2C9007B0D3B /* ViewController.swift in Sources */ = {isa = PBXBuildFile; fileRef = C0D03461267ED2C9007B0D3B /* ViewController.swift */; };
		C0D03465267ED2C9007B0D3B /* Main.storyboard in Resources */ = {isa = PBXBuildFile; fileRef = C0D03463267ED2C9007B0D3B /* Main.storyboard */; };
		C0D03467267ED2CB007B0D3B /* Assets.xcassets in Resources */ = {isa = PBXBuildFile; fileRef = C0D03466267ED2CB007B0D3B /* Assets.xcassets */; };
		C0D0346A267ED2CB007B0D3B /* LaunchScreen.storyboard in Resources */ = {isa = PBXBuildFile; fileRef = C0D03468267ED2CB007B0D3B /* LaunchScreen.storyboard */; };
		C0D03473267EDF53007B0D3B /* APIResponse.swift in Sources */ = {isa = PBXBuildFile; fileRef = C0D03472267EDF53007B0D3B /* APIResponse.swift */; };
/* End PBXBuildFile section */

/* Begin PBXFileReference section */
		C0D0345A267ED2C9007B0D3B /* TableViewPullrefresh.app */ = {isa = PBXFileReference; explicitFileType = wrapper.application; includeInIndex = 0; path = TableViewPullrefresh.app; sourceTree = BUILT_PRODUCTS_DIR; };
		C0D0345D267ED2C9007B0D3B /* AppDelegate.swift */ = {isa = PBXFileReference; lastKnownFileType = sourcecode.swift; path = AppDelegate.swift; sourceTree = "<group>"; };
		C0D0345F267ED2C9007B0D3B /* SceneDelegate.swift */ = {isa = PBXFileReference; lastKnownFileType = sourcecode.swift; path = SceneDelegate.swift; sourceTree = "<group>"; };
		C0D03461267ED2C9007B0D3B /* ViewController.swift */ = {isa = PBXFileReference; lastKnownFileType = sourcecode.swift; path = ViewController.swift; sourceTree = "<group>"; };
		C0D03464267ED2C9007B0D3B /* Base */ = {isa = PBXFileReference; lastKnownFileType = file.storyboard; name = Base; path = Base.lproj/Main.storyboard; sourceTree = "<group>"; };
		C0D03466267ED2CB007B0D3B /* Assets.xcassets */ = {isa = PBXFileReference; lastKnownFileType = folder.assetcatalog; path = Assets.xcassets; sourceTree = "<group>"; };
		C0D03469267ED2CB007B0D3B /* Base */ = {isa = PBXFileReference; lastKnownFileType = file.storyboard; name = Base; path = Base.lproj/LaunchScreen.storyboard; sourceTree = "<group>"; };
		C0D0346B267ED2CB007B0D3B /* Info.plist */ = {isa = PBXFileReference; lastKnownFileType = text.plist.xml; path = Info.plist; sourceTree = "<group>"; };
		C0D03472267EDF53007B0D3B /* APIResponse.swift */ = {isa = PBXFileReference; lastKnownFileType = sourcecode.swift; path = APIResponse.swift; sourceTree = "<group>"; };
/* End PBXFileReference section */

/* Begin PBXFrameworksBuildPhase section */
		C0D03457267ED2C9007B0D3B /* Frameworks */ = {
			isa = PBXFrameworksBuildPhase;
			buildActionMask = 2147483647;
			files = (
			);
			runOnlyForDeploymentPostprocessing = 0;
		};
/* End PBXFrameworksBuildPhase section */

/* Begin PBXGroup section */
		C0D03451267ED2C9007B0D3B = {
			isa = PBXGroup;
			children = (
				C0D0345C267ED2C9007B0D3B /* TableViewPullrefresh */,
				C0D0345B267ED2C9007B0D3B /* Products */,
			);
			sourceTree = "<group>";
		};
		C0D0345B267ED2C9007B0D3B /* Products */ = {
			isa = PBXGroup;
			children = (
				C0D0345A267ED2C9007B0D3B /* TableViewPullrefresh.app */,
			);
			name = Products;
			sourceTree = "<group>";
		};
		C0D0345C267ED2C9007B0D3B /* TableViewPullrefresh */ = {
			isa = PBXGroup;
			children = (
				C0D03471267EDF2C007B0D3B /* Model */,
				C0D0345D267ED2C9007B0D3B /* AppDelegate.swift */,
				C0D0345F267ED2C9007B0D3B /* SceneDelegate.swift */,
				C0D03461267ED2C9007B0D3B /* ViewController.swift */,
				C0D03463267ED2C9007B0D3B /* Main.storyboard */,
				C0D03466267ED2CB007B0D3B /* Assets.xcassets */,
				C0D03468267ED2CB007B0D3B /* LaunchScreen.storyboard */,
				C0D0346B267ED2CB007B0D3B /* Info.plist */,
			);
			path = TableViewPullrefresh;
			sourceTree = "<group>";
		};
		C0D03471267EDF2C007B0D3B /* Model */ = {
			isa = PBXGroup;
			children = (
				C0D03472267EDF53007B0D3B /* APIResponse.swift */,
			);
			path = Model;
			sourceTree = "<group>";
		};
/* End PBXGroup section */

/* Begin PBXNativeTarget section */
		C0D03459267ED2C9007B0D3B /* TableViewPullrefresh */ = {
			isa = PBXNativeTarget;
			buildConfigurationList = C0D0346E267ED2CB007B0D3B /* Build configuration list for PBXNativeTarget "TableViewPullrefresh" */;
			buildPhases = (
				C0D03456267ED2C9007B0D3B /* Sources */,
				C0D03457267ED2C9007B0D3B /* Frameworks */,
				C0D03458267ED2C9007B0D3B /* Resources */,
			);
			buildRules = (
			);
			dependencies = (
			);
			name = TableViewPullrefresh;
			productName = TableViewPullrefresh;
			productReference = C0D0345A267ED2C9007B0D3B /* TableViewPullrefresh.app */;
			productType = "com.apple.product-type.application";
		};
/* End PBXNativeTarget section */

/* Begin PBXProject section */
		C0D03452267ED2C9007B0D3B /* Project object */ = {
			isa = PBXProject;
			attributes = {
				LastSwiftUpdateCheck = 1250;
				LastUpgradeCheck = 1250;
				TargetAttributes = {
					C0D03459267ED2C9007B0D3B = {
						CreatedOnToolsVersion = 12.5;
					};
				};
			};
			buildConfigurationList = C0D03455267ED2C9007B0D3B /* Build configuration list for PBXProject "TableViewPullrefresh" */;
			compatibilityVersion = "Xcode 9.3";
			developmentRegion = en;
			hasScannedForEncodings = 0;
			knownRegions = (
				en,
				Base,
			);
			mainGroup = C0D03451267ED2C9007B0D3B;
			productRefGroup = C0D0345B267ED2C9007B0D3B /* Products */;
			projectDirPath = "";
			projectRoot = "";
			targets = (
				C0D03459267ED2C9007B0D3B /* TableViewPullrefresh */,
			);
		};
/* End PBXProject section */

/* Begin PBXResourcesBuildPhase section */
		C0D03458267ED2C9007B0D3B /* Resources */ = {
			isa = PBXResourcesBuildPhase;
			buildActionMask = 2147483647;
			files = (
				C0D0346A267ED2CB007B0D3B /* LaunchScreen.storyboard in Resources */,
				C0D03467267ED2CB007B0D3B /* Assets.xcassets in Resources */,
				C0D03465267ED2C9007B0D3B /* Main.storyboard in Resources */,
			);
			runOnlyForDeploymentPostprocessing = 0;
		};
/* End PBXResourcesBuildPhase section */

/* Begin PBXSourcesBuildPhase section */
		C0D03456267ED2C9007B0D3B /* Sources */ = {
			isa = PBXSourcesBuildPhase;
			buildActionMask = 2147483647;
			files = (
				C0D03462267ED2C9007B0D3B /* ViewController.swift in Sources */,
				C0D03473267EDF53007B0D3B /* APIResponse.swift in Sources */,
				C0D0345E267ED2C9007B0D3B /* AppDelegate.swift in Sources */,
				C0D03460267ED2C9007B0D3B /* SceneDelegate.swift in Sources */,
			);
			runOnlyForDeploymentPostprocessing = 0;
		};
/* End PBXSourcesBuildPhase section */

/* Begin PBXVariantGroup section */
		C0D03463267ED2C9007B0D3B /* Main.storyboard */ = {
			isa = PBXVariantGroup;
			children = (
				C0D03464267ED2C9007B0D3B /* Base */,
			);
			name = Main.storyboard;
			sourceTree = "<group>";
		};
		C0D03468267ED2CB007B0D3B /* LaunchScreen.storyboard */ = {
			isa = PBXVariantGroup;
			children = (
				C0D03469267ED2CB007B0D3B /* Base */,
			);
			name = LaunchScreen.storyboard;
			sourceTree = "<group>";
		};
/* End PBXVariantGroup section */

/* Begin XCBuildConfiguration section */
		C0D0346C267ED2CB007B0D3B /* Debug */ = {
			isa = XCBuildConfiguration;
			buildSettings = {
				ALWAYS_SEARCH_USER_PATHS = NO;
				CLANG_ANALYZER_NONNULL = YES;
				CLANG_ANALYZER_NUMBER_OBJECT_CONVERSION = YES_AGGRESSIVE;
				CLANG_CXX_LANGUAGE_STANDARD = "gnu++14";
				CLANG_CXX_LIBRARY = "libc++";
				CLANG_ENABLE_MODULES = YES;
				CLANG_ENABLE_OBJC_ARC = YES;
				CLANG_ENABLE_OBJC_WEAK = YES;
				CLANG_WARN_BLOCK_CAPTURE_AUTORELEASING = YES;
				CLANG_WARN_BOOL_CONVERSION = YES;
				CLANG_WARN_COMMA = YES;
				CLANG_WARN_CONSTANT_CONVERSION = YES;
				CLANG_WARN_DEPRECATED_OBJC_IMPLEMENTATIONS = YES;
				CLANG_WARN_DIRECT_OBJC_ISA_USAGE = YES_ERROR;
				CLANG_WARN_DOCUMENTATION_COMMENTS = YES;
				CLANG_WARN_EMPTY_BODY = YES;
				CLANG_WARN_ENUM_CONVERSION = YES;
				CLANG_WARN_INFINITE_RECURSION = YES;
				CLANG_WARN_INT_CONVERSION = YES;
				CLANG_WARN_NON_LITERAL_NULL_CONVERSION = YES;
				CLANG_WARN_OBJC_IMPLICIT_RETAIN_SELF = YES;
				CLANG_WARN_OBJC_LITERAL_CONVERSION = YES;
				CLANG_WARN_OBJC_ROOT_CLASS = YES_ERROR;
				CLANG_WARN_QUOTED_INCLUDE_IN_FRAMEWORK_HEADER = YES;
				CLANG_WARN_RANGE_LOOP_ANALYSIS = YES;
				CLANG_WARN_STRICT_PROTOTYPES = YES;
				CLANG_WARN_SUSPICIOUS_MOVE = YES;
				CLANG_WARN_UNGUARDED_AVAILABILITY = YES_AGGRESSIVE;
				CLANG_WARN_UNREACHABLE_CODE = YES;
				CLANG_WARN__DUPLICATE_METHOD_MATCH = YES;
				COPY_PHASE_STRIP = NO;
				DEBUG_INFORMATION_FORMAT = dwarf;
				ENABLE_STRICT_OBJC_MSGSEND = YES;
				ENABLE_TESTABILITY = YES;
				GCC_C_LANGUAGE_STANDARD = gnu11;
				GCC_DYNAMIC_NO_PIC = NO;
				GCC_NO_COMMON_BLOCKS = YES;
				GCC_OPTIMIZATION_LEVEL = 0;
				GCC_PREPROCESSOR_DEFINITIONS = (
					"DEBUG=1",
					"$(inherited)",
				);
				GCC_WARN_64_TO_32_BIT_CONVERSION = YES;
				GCC_WARN_ABOUT_RETURN_TYPE = YES_ERROR;
				GCC_WARN_UNDECLARED_SELECTOR = YES;
				GCC_WARN_UNINITIALIZED_AUTOS = YES_AGGRESSIVE;
				GCC_WARN_UNUSED_FUNCTION = YES;
				GCC_WARN_UNUSED_VARIABLE = YES;
				IPHONEOS_DEPLOYMENT_TARGET = 14.5;
				MTL_ENABLE_DEBUG_INFO = INCLUDE_SOURCE;
				MTL_FAST_MATH = YES;
				ONLY_ACTIVE_ARCH = YES;
				SDKROOT = iphoneos;
				SWIFT_ACTIVE_COMPILATION_CONDITIONS = DEBUG;
				SWIFT_OPTIMIZATION_LEVEL = "-Onone";
			};
			name = Debug;
		};
		C0D0346D267ED2CB007B0D3B /* Release */ = {
			isa = XCBuildConfiguration;
			buildSettings = {
				ALWAYS_SEARCH_USER_PATHS = NO;
				CLANG_ANALYZER_NONNULL = YES;
				CLANG_ANALYZER_NUMBER_OBJECT_CONVERSION = YES_AGGRESSIVE;
				CLANG_CXX_LANGUAGE_STANDARD = "gnu++14";
				CLANG_CXX_LIBRARY = "libc++";
				CLANG_ENABLE_MODULES = YES;
				CLANG_ENABLE_OBJC_ARC = YES;
				CLANG_ENABLE_OBJC_WEAK = YES;
				CLANG_WARN_BLOCK_CAPTURE_AUTORELEASING = YES;
				CLANG_WARN_BOOL_CONVERSION = YES;
				CLANG_WARN_COMMA = YES;
				CLANG_WARN_CONSTANT_CONVERSION = YES;
				CLANG_WARN_DEPRECATED_OBJC_IMPLEMENTATIONS = YES;
				CLANG_WARN_DIRECT_OBJC_ISA_USAGE = YES_ERROR;
				CLANG_WARN_DOCUMENTATION_COMMENTS = YES;
				CLANG_WARN_EMPTY_BODY = YES;
				CLANG_WARN_ENUM_CONVERSION = YES;
				CLANG_WARN_INFINITE_RECURSION = YES;
				CLANG_WARN_INT_CONVERSION = YES;
				CLANG_WARN_NON_LITERAL_NULL_CONVERSION = YES;
				CLANG_WARN_OBJC_IMPLICIT_RETAIN_SELF = YES;
				CLANG_WARN_OBJC_LITERAL_CONVERSION = YES;
				CLANG_WARN_OBJC_ROOT_CLASS = YES_ERROR;
				CLANG_WARN_QUOTED_INCLUDE_IN_FRAMEWORK_HEADER = YES;
				CLANG_WARN_RANGE_LOOP_ANALYSIS = YES;
				CLANG_WARN_STRICT_PROTOTYPES = YES;
				CLANG_WARN_SUSPICIOUS_MOVE = YES;
				CLANG_WARN_UNGUARDED_AVAILABILITY = YES_AGGRESSIVE;
				CLANG_WARN_UNREACHABLE_CODE = YES;
				CLANG_WARN__DUPLICATE_METHOD_MATCH = YES;
				COPY_PHASE_STRIP = NO;
				DEBUG_INFORMATION_FORMAT = "dwarf-with-dsym";
				ENABLE_NS_ASSERTIONS = NO;
				ENABLE_STRICT_OBJC_MSGSEND = YES;
				GCC_C_LANGUAGE_STANDARD = gnu11;
				GCC_NO_COMMON_BLOCKS = YES;
				GCC_WARN_64_TO_32_BIT_CONVERSION = YES;
				GCC_WARN_ABOUT_RETURN_TYPE = YES_ERROR;
				GCC_WARN_UNDECLARED_SELECTOR = YES;
				GCC_WARN_UNINITIALIZED_AUTOS = YES_AGGRESSIVE;
				GCC_WARN_UNUSED_FUNCTION = YES;
				GCC_WARN_UNUSED_VARIABLE = YES;
				IPHONEOS_DEPLOYMENT_TARGET = 14.5;
				MTL_ENABLE_DEBUG_INFO = NO;
				MTL_FAST_MATH = YES;
				SDKROOT = iphoneos;
				SWIFT_COMPILATION_MODE = wholemodule;
				SWIFT_OPTIMIZATION_LEVEL = "-O";
				VALIDATE_PRODUCT = YES;
			};
			name = Release;
		};
		C0D0346F267ED2CB007B0D3B /* Debug */ = {
			isa = XCBuildConfiguration;
			buildSettings = {
				ASSETCATALOG_COMPILER_APPICON_NAME = AppIcon;
				ASSETCATALOG_COMPILER_GLOBAL_ACCENT_COLOR_NAME = AccentColor;
				CODE_SIGN_STYLE = Automatic;
				DEVELOPMENT_TEAM = BM4YFXN4AH;
				INFOPLIST_FILE = TableViewPullrefresh/Info.plist;
				LD_RUNPATH_SEARCH_PATHS = (
					"$(inherited)",
					"@executable_path/Frameworks",
				);
				PRODUCT_BUNDLE_IDENTIFIER = br.com.TableViewPullrefresh;
				PRODUCT_NAME = "$(TARGET_NAME)";
				SWIFT_VERSION = 5.0;
				TARGETED_DEVICE_FAMILY = "1,2";
			};
			name = Debug;
		};
		C0D03470267ED2CB007B0D3B /* Release */ = {
			isa = XCBuildConfiguration;
			buildSettings = {
				ASSETCATALOG_COMPILER_APPICON_NAME = AppIcon;
				ASSETCATALOG_COMPILER_GLOBAL_ACCENT_COLOR_NAME = AccentColor;
				CODE_SIGN_STYLE = Automatic;
				DEVELOPMENT_TEAM = BM4YFXN4AH;
				INFOPLIST_FILE = TableViewPullrefresh/Info.plist;
				LD_RUNPATH_SEARCH_PATHS = (
					"$(inherited)",
					"@executable_path/Frameworks",
				);
				PRODUCT_BUNDLE_IDENTIFIER = br.com.TableViewPullrefresh;
				PRODUCT_NAME = "$(TARGET_NAME)";
				SWIFT_VERSION = 5.0;
				TARGETED_DEVICE_FAMILY = "1,2";
			};
			name = Release;
		};
/* End XCBuildConfiguration section */

/* Begin XCConfigurationList section */
		C0D03455267ED2C9007B0D3B /* Build configuration list for PBXProject "TableViewPullrefresh" */ = {
			isa = XCConfigurationList;
			buildConfigurations = (
				C0D0346C267ED2CB007B0D3B /* Debug */,
				C0D0346D267ED2CB007B0D3B /* Release */,
			);
			defaultConfigurationIsVisible = 0;
			defaultConfigurationName = Release;
		};
		C0D0346E267ED2CB007B0D3B /* Build configuration list for PBXNativeTarget "TableViewPullrefresh" */ = {
			isa = XCConfigurationList;
			buildConfigurations = (
				C0D0346F267ED2CB007B0D3B /* Debug */,
				C0D03470267ED2CB007B0D3B /* Release */,
			);
			defaultConfigurationIsVisible = 0;
			defaultConfigurationName = Release;
		};
/* End XCConfigurationList section */
	};
	rootObject = C0D03452267ED2C9007B0D3B /* Project object */;
}
